
Microsoft Visual Studio Solution File, Format Version 12.00
# Visual Studio 15
VisualStudioVersion = 15.0.27703.2018
MinimumVisualStudioVersion = 10.0.40219.1
Project("{8BC9CEB8-8B4A-11D0-8D11-00A0C91BC942}") = "201409-1", "201409-1\201409-1.vcxproj", "{7E0C22C1-B08E-45E1-8401-AFF518A7A12C}"
EndProject
Global
	GlobalSection(SolutionConfigurationPlatforms) = preSolution
		Debug|x64 = Debug|x64
		Debug|x86 = Debug|x86
		Release|x64 = Release|x64
		Release|x86 = Release|x86
	EndGlobalSection
	GlobalSection(ProjectConfigurationPlatforms) = postSolution
		{7E0C22C1-B08E-45E1-8401-AFF518A7A12C}.Debug|x64.ActiveCfg = Debug|x64
		{7E0C22C1-B08E-45E1-8401-AFF518A7A12C}.Debug|x64.Build.0 = Debug|x64
		{7E0C22C1-B08E-45E1-8401-AFF518A7A12C}.Debug|x86.ActiveCfg = Debug|Win32
		{7E0C22C1-B08E-45E1-8401-AFF518A7A12C}.Debug|x86.Build.0 = Debug|Win32
		{7E0C22C1-B08E-45E1-8401-AFF518A7A12C}.Release|x64.ActiveCfg = Release|x64
		{7E0C22C1-B08E-45E1-8401-AFF518A7A12C}.Release|x64.Build.0 = Release|x64
		{7E0C22C1-B08E-45E1-8401-AFF518A7A12C}.Release|x86.ActiveCfg = Release|Win32
		{7E0C22C1-B08E-45E1-8401-AFF518A7A12C}.Release|x86.Build.0 = Release|Win32
	EndGlobalSection
	GlobalSection(SolutionProperties) = preSolution
		HideSolutionNode = FALSE
	EndGlobalSection
	GlobalSection(ExtensibilityGlobals) = postSolution
		SolutionGuid = {346BC3E6-69EA-440A-954A-B591282401C7}
	EndGlobalSection
EndGlobal
